# THIS IS AN AUTOGENERATED FILE. DO NOT EDIT THIS FILE DIRECTLY.
# yarn lockfile v1


nats@^2.7.1:
  version "2.7.1"
  resolved "https://registry.yarnpkg.com/nats/-/nats-2.7.1.tgz#d390a48df1a348a335143abc09afad03b2eb9687"
  integrity sha512-aH0OXxasfLCTG+LQCFRaWoL1kqejCQg7B+t4z++JgLPgfdpQMET1Rqo95I06DEQyIJGTTgYpxkI/zC0ul8V3pw==
  dependencies:
    nkeys.js "^1.0.0-9"

nkeys.js@^1.0.0-9:
  version "1.0.3"
  resolved "https://registry.yarnpkg.com/nkeys.js/-/nkeys.js-1.0.3.tgz#487688a6f4f36f4a2796eee000cc6e54e122cb08"
  integrity sha512-p5Bpb/acPaQmCrbe4gNmMBY/naZJV8Q7m2B9UkXT8BQRC6wjX8zqD2ya8eZu9mpSXQffodV46HCP9OckmxcwYA==
  dependencies:
    tweetnacl "1.0.3"

tweetnacl@1.0.3:
  version "1.0.3"
  resolved "https://registry.yarnpkg.com/tweetnacl/-/tweetnacl-1.0.3.tgz#ac0af71680458d8a6378d0d0d050ab1407d35596"
  integrity sha512-6rt+RN7aOi1nGMyC4Xa5DdYiukl2UWCbcJft7YhxReBGQD7OAM8Pbxw6YMo4r2diNEA8FEmu32YOn9rhaiE5yw==

zlib@^1.0.5:
  version "1.0.5"
  resolved "https://registry.yarnpkg.com/zlib/-/zlib-1.0.5.tgz#6e7c972fc371c645a6afb03ab14769def114fcc0"
  integrity sha512-40fpE2II+Cd3k8HWTWONfeKE2jL+P42iWJ1zzps5W51qcTsOUKM5Q5m2PFb0CLxlmFAaUuUdJGc3OfZy947v0w==
